
Microsoft Visual Studio Solution File, Format Version 12.00
# Visual Studio 15
VisualStudioVersion = 15.0.28307.106
MinimumVisualStudioVersion = 10.0.40219.1
Project("{FAE04EC0-301F-11D3-BF4B-00C04F79EFBC}") = "StorePOS", "StorePOS\StorePOS.csproj", "{AFECD45F-70DB-44A6-A659-54D0CFBF8B94}"
EndProject
Global
	GlobalSection(SolutionConfigurationPlatforms) = preSolution
		Debug|Any CPU = Debug|Any CPU
		Release|Any CPU = Release|Any CPU
	EndGlobalSection
	GlobalSection(ProjectConfigurationPlatforms) = postSolution
		{AFECD45F-70DB-44A6-A659-54D0CFBF8B94}.Debug|Any CPU.ActiveCfg = Debug|Any CPU
		{AFECD45F-70DB-44A6-A659-54D0CFBF8B94}.Debug|Any CPU.Build.0 = Debug|Any CPU
		{AFECD45F-70DB-44A6-A659-54D0CFBF8B94}.Release|Any CPU.ActiveCfg = Release|Any CPU
		{AFECD45F-70DB-44A6-A659-54D0CFBF8B94}.Release|Any CPU.Build.0 = Release|Any CPU
	EndGlobalSection
	GlobalSection(SolutionProperties) = preSolution
		HideSolutionNode = FALSE
	EndGlobalSection
	GlobalSection(ExtensibilityGlobals) = postSolution
		SolutionGuid = {6F0048F2-72F3-4E40-8AD6-7DAD9380690B}
	EndGlobalSection
EndGlobal
